
Microsoft Visual Studio Solution File, Format Version 12.00
# Visual Studio 2013
VisualStudioVersion = 12.0.30110.0
MinimumVisualStudioVersion = 10.0.40219.1
Project("{FAE04EC0-301F-11D3-BF4B-00C04F79EFBC}") = "Touch.Persistence.DynamoDB", "Touch.Persistence.DynamoDB\Touch.Persistence.DynamoDB.csproj", "{986990EC-0568-4334-988E-A5009B2A18C3}"
EndProject
Project("{FAE04EC0-301F-11D3-BF4B-00C04F79EFBC}") = "Touch.Persistence.InMemory", "Touch.Persistence.InMemory\Touch.Persistence.InMemory.csproj", "{41B1408D-4DBD-4CB0-8ACC-DEDBCFF85399}"
EndProject
Project("{FAE04EC0-301F-11D3-BF4B-00C04F79EFBC}") = "Touch.Persistence.Memcached", "Touch.Persistence.Memcached\Touch.Persistence.Memcached.csproj", "{85CA1CA5-8149-4A6A-A5D9-A51C4C3D097F}"
EndProject
Project("{FAE04EC0-301F-11D3-BF4B-00C04F79EFBC}") = "Touch.Persistence.NHibernate", "Touch.Persistence.NHibernate\Touch.Persistence.NHibernate.csproj", "{E533641B-8451-4241-BF49-E0E2C37DEC15}"
EndProject
Project("{FAE04EC0-301F-11D3-BF4B-00C04F79EFBC}") = "Touch.Domain.NHibernate", "Touch.Domain.NHibernate\Touch.Domain.NHibernate.csproj", "{D4D32995-4E56-424D-80CC-A72B5F9833F5}"
EndProject
Global
	GlobalSection(SolutionConfigurationPlatforms) = preSolution
		Debug|Any CPU = Debug|Any CPU
		Release|Any CPU = Release|Any CPU
	EndGlobalSection
	GlobalSection(ProjectConfigurationPlatforms) = postSolution
		{986990EC-0568-4334-988E-A5009B2A18C3}.Debug|Any CPU.ActiveCfg = Debug|Any CPU
		{986990EC-0568-4334-988E-A5009B2A18C3}.Debug|Any CPU.Build.0 = Debug|Any CPU
		{986990EC-0568-4334-988E-A5009B2A18C3}.Release|Any CPU.ActiveCfg = Release|Any CPU
		{986990EC-0568-4334-988E-A5009B2A18C3}.Release|Any CPU.Build.0 = Release|Any CPU
		{41B1408D-4DBD-4CB0-8ACC-DEDBCFF85399}.Debug|Any CPU.ActiveCfg = Debug|Any CPU
		{41B1408D-4DBD-4CB0-8ACC-DEDBCFF85399}.Debug|Any CPU.Build.0 = Debug|Any CPU
		{41B1408D-4DBD-4CB0-8ACC-DEDBCFF85399}.Release|Any CPU.ActiveCfg = Release|Any CPU
		{41B1408D-4DBD-4CB0-8ACC-DEDBCFF85399}.Release|Any CPU.Build.0 = Release|Any CPU
		{85CA1CA5-8149-4A6A-A5D9-A51C4C3D097F}.Debug|Any CPU.ActiveCfg = Debug|Any CPU
		{85CA1CA5-8149-4A6A-A5D9-A51C4C3D097F}.Debug|Any CPU.Build.0 = Debug|Any CPU
		{85CA1CA5-8149-4A6A-A5D9-A51C4C3D097F}.Release|Any CPU.ActiveCfg = Release|Any CPU
		{85CA1CA5-8149-4A6A-A5D9-A51C4C3D097F}.Release|Any CPU.Build.0 = Release|Any CPU
		{E533641B-8451-4241-BF49-E0E2C37DEC15}.Debug|Any CPU.ActiveCfg = Debug|Any CPU
		{E533641B-8451-4241-BF49-E0E2C37DEC15}.Debug|Any CPU.Build.0 = Debug|Any CPU
		{E533641B-8451-4241-BF49-E0E2C37DEC15}.Release|Any CPU.ActiveCfg = Release|Any CPU
		{E533641B-8451-4241-BF49-E0E2C37DEC15}.Release|Any CPU.Build.0 = Release|Any CPU
		{D4D32995-4E56-424D-80CC-A72B5F9833F5}.Debug|Any CPU.ActiveCfg = Debug|Any CPU
		{D4D32995-4E56-424D-80CC-A72B5F9833F5}.Debug|Any CPU.Build.0 = Debug|Any CPU
		{D4D32995-4E56-424D-80CC-A72B5F9833F5}.Release|Any CPU.ActiveCfg = Release|Any CPU
		{D4D32995-4E56-424D-80CC-A72B5F9833F5}.Release|Any CPU.Build.0 = Release|Any CPU
	EndGlobalSection
	GlobalSection(SolutionProperties) = preSolution
		HideSolutionNode = FALSE
	EndGlobalSection
EndGlobal
